
Microsoft Visual Studio Solution File, Format Version 12.00
# Visual Studio Version 17
VisualStudioVersion = 17.1.32407.343
MinimumVisualStudioVersion = 10.0.40219.1
Project("{FAE04EC0-301F-11D3-BF4B-00C04F79EFBC}") = "ClientServiceSuhu_1198", "ClientServiceSuhu_1198.csproj", "{D6B3CE90-8307-469A-A2ED-19E1DE27059A}"
EndProject
Global
	GlobalSection(SolutionConfigurationPlatforms) = preSolution
		Debug|Any CPU = Debug|Any CPU
		Release|Any CPU = Release|Any CPU
	EndGlobalSection
	GlobalSection(ProjectConfigurationPlatforms) = postSolution
		{D6B3CE90-8307-469A-A2ED-19E1DE27059A}.Debug|Any CPU.ActiveCfg = Debug|Any CPU
		{D6B3CE90-8307-469A-A2ED-19E1DE27059A}.Debug|Any CPU.Build.0 = Debug|Any CPU
		{D6B3CE90-8307-469A-A2ED-19E1DE27059A}.Release|Any CPU.ActiveCfg = Release|Any CPU
		{D6B3CE90-8307-469A-A2ED-19E1DE27059A}.Release|Any CPU.Build.0 = Release|Any CPU
	EndGlobalSection
	GlobalSection(SolutionProperties) = preSolution
		HideSolutionNode = FALSE
	EndGlobalSection
	GlobalSection(ExtensibilityGlobals) = postSolution
		SolutionGuid = {6BE776A8-416D-476F-9CF2-4952318DD500}
	EndGlobalSection
EndGlobal
