
Microsoft Visual Studio Solution File, Format Version 12.00
# Visual Studio Version 17
VisualStudioVersion = 17.1.32407.343
MinimumVisualStudioVersion = 10.0.40219.1
Project("{E24C65DC-7377-472B-9ABA-BC803B73C61A}") = "WebClientGaji_1198", ".", "{6D543527-ADDE-4063-A673-615143B941E3}"
	ProjectSection(WebsiteProperties) = preProject
		TargetFrameworkMoniker = ".NETFramework,Version%3Dv4.8"
		Debug.AspNetCompiler.VirtualPath = "/localhost_50707"
		Debug.AspNetCompiler.PhysicalPath = "..\WebClientGaji_1198\"
		Debug.AspNetCompiler.TargetPath = "PrecompiledWeb\localhost_50707\"
		Debug.AspNetCompiler.Updateable = "true"
		Debug.AspNetCompiler.ForceOverwrite = "true"
		Debug.AspNetCompiler.FixedNames = "false"
		Debug.AspNetCompiler.Debug = "True"
		Release.AspNetCompiler.VirtualPath = "/localhost_50707"
		Release.AspNetCompiler.PhysicalPath = "..\WebClientGaji_1198\"
		Release.AspNetCompiler.TargetPath = "PrecompiledWeb\localhost_50707\"
		Release.AspNetCompiler.Updateable = "true"
		Release.AspNetCompiler.ForceOverwrite = "true"
		Release.AspNetCompiler.FixedNames = "false"
		Release.AspNetCompiler.Debug = "False"
		VWDPort = "50707"
		SlnRelativePath = "..\WebClientGaji_1198\"
		DefaultWebSiteLanguage = "Visual C#"
	EndProjectSection
EndProject
Global
	GlobalSection(SolutionConfigurationPlatforms) = preSolution
		Debug|Any CPU = Debug|Any CPU
	EndGlobalSection
	GlobalSection(ProjectConfigurationPlatforms) = postSolution
		{6D543527-ADDE-4063-A673-615143B941E3}.Debug|Any CPU.ActiveCfg = Debug|Any CPU
		{6D543527-ADDE-4063-A673-615143B941E3}.Debug|Any CPU.Build.0 = Debug|Any CPU
	EndGlobalSection
	GlobalSection(SolutionProperties) = preSolution
		HideSolutionNode = FALSE
	EndGlobalSection
	GlobalSection(ExtensibilityGlobals) = postSolution
		SolutionGuid = {328F3E7C-EA1D-4C8C-A365-B32F2D758CB1}
	EndGlobalSection
EndGlobal
