
Microsoft Visual Studio Solution File, Format Version 12.00
# Visual Studio Version 17
VisualStudioVersion = 17.1.32328.378
MinimumVisualStudioVersion = 10.0.40219.1
Project("{FAE04EC0-301F-11D3-BF4B-00C04F79EFBC}") = "AplikasiThread_1198", "AplikasiThread_1198.csproj", "{9640DCD5-FD14-4601-B157-3E2F7B659BA8}"
EndProject
Global
	GlobalSection(SolutionConfigurationPlatforms) = preSolution
		Debug|Any CPU = Debug|Any CPU
		Release|Any CPU = Release|Any CPU
	EndGlobalSection
	GlobalSection(ProjectConfigurationPlatforms) = postSolution
		{9640DCD5-FD14-4601-B157-3E2F7B659BA8}.Debug|Any CPU.ActiveCfg = Debug|Any CPU
		{9640DCD5-FD14-4601-B157-3E2F7B659BA8}.Debug|Any CPU.Build.0 = Debug|Any CPU
		{9640DCD5-FD14-4601-B157-3E2F7B659BA8}.Release|Any CPU.ActiveCfg = Release|Any CPU
		{9640DCD5-FD14-4601-B157-3E2F7B659BA8}.Release|Any CPU.Build.0 = Release|Any CPU
	EndGlobalSection
	GlobalSection(SolutionProperties) = preSolution
		HideSolutionNode = FALSE
	EndGlobalSection
	GlobalSection(ExtensibilityGlobals) = postSolution
		SolutionGuid = {92D73AE1-C8B1-489F-8841-F5616C762AF3}
	EndGlobalSection
EndGlobal
