
Microsoft Visual Studio Solution File, Format Version 12.00
# Visual Studio Version 17
VisualStudioVersion = 17.1.32328.378
MinimumVisualStudioVersion = 10.0.40219.1
Project("{FAE04EC0-301F-11D3-BF4B-00C04F79EFBC}") = "AplikasiXML_1198", "AplikasiXML_1198.csproj", "{8834F62F-F313-4CE1-A834-EE7627D5DE16}"
EndProject
Global
	GlobalSection(SolutionConfigurationPlatforms) = preSolution
		Debug|Any CPU = Debug|Any CPU
		Release|Any CPU = Release|Any CPU
	EndGlobalSection
	GlobalSection(ProjectConfigurationPlatforms) = postSolution
		{8834F62F-F313-4CE1-A834-EE7627D5DE16}.Debug|Any CPU.ActiveCfg = Debug|Any CPU
		{8834F62F-F313-4CE1-A834-EE7627D5DE16}.Debug|Any CPU.Build.0 = Debug|Any CPU
		{8834F62F-F313-4CE1-A834-EE7627D5DE16}.Release|Any CPU.ActiveCfg = Release|Any CPU
		{8834F62F-F313-4CE1-A834-EE7627D5DE16}.Release|Any CPU.Build.0 = Release|Any CPU
	EndGlobalSection
	GlobalSection(SolutionProperties) = preSolution
		HideSolutionNode = FALSE
	EndGlobalSection
	GlobalSection(ExtensibilityGlobals) = postSolution
		SolutionGuid = {6CF2B647-916A-44DF-BDA1-91B168E19B37}
	EndGlobalSection
EndGlobal
